// !$*UTF8*$!
{
	archiveVersion = 1;
	classes = {
	};
	objectVersion = 56;
	objects = {

/* Begin PBXBuildFile section */
		BF81D1B629C3BF30005C798A /* AppDelegate.swift in Sources */ = {isa = PBXBuildFile; fileRef = BF81D1B529C3BF30005C798A /* AppDelegate.swift */; };
		BF81D1B829C3BF30005C798A /* SceneDelegate.swift in Sources */ = {isa = PBXBuildFile; fileRef = BF81D1B729C3BF30005C798A /* SceneDelegate.swift */; };
		BF81D1BD29C3BF30005C798A /* Main.storyboard in Resources */ = {isa = PBXBuildFile; fileRef = BF81D1BB29C3BF30005C798A /* Main.storyboard */; };
		BF81D1BF29C3BF30005C798A /* Assets.xcassets in Resources */ = {isa = PBXBuildFile; fileRef = BF81D1BE29C3BF30005C798A /* Assets.xcassets */; };
		BF81D1C229C3BF30005C798A /* LaunchScreen.storyboard in Resources */ = {isa = PBXBuildFile; fileRef = BF81D1C029C3BF30005C798A /* LaunchScreen.storyboard */; };
		BF81D1D229C3C060005C798A /* Entry.swift in Sources */ = {isa = PBXBuildFile; fileRef = BF81D1D129C3C060005C798A /* Entry.swift */; };
		BF81D1D429C3D2DA005C798A /* EntryController.swift in Sources */ = {isa = PBXBuildFile; fileRef = BF81D1D329C3D2DA005C798A /* EntryController.swift */; };
		BF81D1D629C3D55C005C798A /* EntryError.swift in Sources */ = {isa = PBXBuildFile; fileRef = BF81D1D529C3D55C005C798A /* EntryError.swift */; };
/* End PBXBuildFile section */

/* Begin PBXFileReference section */
		BF81D1B229C3BF30005C798A /* Journal.app */ = {isa = PBXFileReference; explicitFileType = wrapper.application; includeInIndex = 0; path = Journal.app; sourceTree = BUILT_PRODUCTS_DIR; };
		BF81D1B529C3BF30005C798A /* AppDelegate.swift */ = {isa = PBXFileReference; lastKnownFileType = sourcecode.swift; path = AppDelegate.swift; sourceTree = "<group>"; };
		BF81D1B729C3BF30005C798A /* SceneDelegate.swift */ = {isa = PBXFileReference; lastKnownFileType = sourcecode.swift; path = SceneDelegate.swift; sourceTree = "<group>"; };
		BF81D1BC29C3BF30005C798A /* Base */ = {isa = PBXFileReference; lastKnownFileType = file.storyboard; name = Base; path = Base.lproj/Main.storyboard; sourceTree = "<group>"; };
		BF81D1BE29C3BF30005C798A /* Assets.xcassets */ = {isa = PBXFileReference; lastKnownFileType = folder.assetcatalog; path = Assets.xcassets; sourceTree = "<group>"; };
		BF81D1C129C3BF30005C798A /* Base */ = {isa = PBXFileReference; lastKnownFileType = file.storyboard; name = Base; path = Base.lproj/LaunchScreen.storyboard; sourceTree = "<group>"; };
		BF81D1C329C3BF30005C798A /* Info.plist */ = {isa = PBXFileReference; lastKnownFileType = text.plist.xml; path = Info.plist; sourceTree = "<group>"; };
		BF81D1D029C3C002005C798A /* Journal.entitlements */ = {isa = PBXFileReference; lastKnownFileType = text.plist.entitlements; path = Journal.entitlements; sourceTree = "<group>"; };
		BF81D1D129C3C060005C798A /* Entry.swift */ = {isa = PBXFileReference; lastKnownFileType = sourcecode.swift; path = Entry.swift; sourceTree = "<group>"; };
		BF81D1D329C3D2DA005C798A /* EntryController.swift */ = {isa = PBXFileReference; lastKnownFileType = sourcecode.swift; path = EntryController.swift; sourceTree = "<group>"; };
		BF81D1D529C3D55C005C798A /* EntryError.swift */ = {isa = PBXFileReference; lastKnownFileType = sourcecode.swift; path = EntryError.swift; sourceTree = "<group>"; };
/* End PBXFileReference section */

/* Begin PBXFrameworksBuildPhase section */
		BF81D1AF29C3BF30005C798A /* Frameworks */ = {
			isa = PBXFrameworksBuildPhase;
			buildActionMask = 2147483647;
			files = (
			);
			runOnlyForDeploymentPostprocessing = 0;
		};
/* End PBXFrameworksBuildPhase section */

/* Begin PBXGroup section */
		BF81D1A929C3BF30005C798A = {
			isa = PBXGroup;
			children = (
				BF81D1B429C3BF30005C798A /* Journal */,
				BF81D1B329C3BF30005C798A /* Products */,
			);
			sourceTree = "<group>";
		};
		BF81D1B329C3BF30005C798A /* Products */ = {
			isa = PBXGroup;
			children = (
				BF81D1B229C3BF30005C798A /* Journal.app */,
			);
			name = Products;
			sourceTree = "<group>";
		};
		BF81D1B429C3BF30005C798A /* Journal */ = {
			isa = PBXGroup;
			children = (
				BF81D1D029C3C002005C798A /* Journal.entitlements */,
				BF81D1CA29C3BF57005C798A /* Model */,
				BF81D1CC29C3BF65005C798A /* Views */,
				BF81D1CD29C3BF6E005C798A /* Controllers */,
				BF81D1C929C3BF3C005C798A /* Resources */,
			);
			path = Journal;
			sourceTree = "<group>";
		};
		BF81D1C929C3BF3C005C798A /* Resources */ = {
			isa = PBXGroup;
			children = (
				BF81D1C029C3BF30005C798A /* LaunchScreen.storyboard */,
				BF81D1B529C3BF30005C798A /* AppDelegate.swift */,
				BF81D1B729C3BF30005C798A /* SceneDelegate.swift */,
				BF81D1BE29C3BF30005C798A /* Assets.xcassets */,
				BF81D1C329C3BF30005C798A /* Info.plist */,
				BF81D1D529C3D55C005C798A /* EntryError.swift */,
			);
			path = Resources;
			sourceTree = "<group>";
		};
		BF81D1CA29C3BF57005C798A /* Model */ = {
			isa = PBXGroup;
			children = (
				BF81D1D129C3C060005C798A /* Entry.swift */,
			);
			path = Model;
			sourceTree = "<group>";
		};
		BF81D1CC29C3BF65005C798A /* Views */ = {
			isa = PBXGroup;
			children = (
				BF81D1BB29C3BF30005C798A /* Main.storyboard */,
			);
			path = Views;
			sourceTree = "<group>";
		};
		BF81D1CD29C3BF6E005C798A /* Controllers */ = {
			isa = PBXGroup;
			children = (
				BF81D1D329C3D2DA005C798A /* EntryController.swift */,
			);
			path = Controllers;
			sourceTree = "<group>";
		};
/* End PBXGroup section */

/* Begin PBXNativeTarget section */
		BF81D1B129C3BF30005C798A /* Journal */ = {
			isa = PBXNativeTarget;
			buildConfigurationList = BF81D1C629C3BF30005C798A /* Build configuration list for PBXNativeTarget "Journal" */;
			buildPhases = (
				BF81D1AE29C3BF30005C798A /* Sources */,
				BF81D1AF29C3BF30005C798A /* Frameworks */,
				BF81D1B029C3BF30005C798A /* Resources */,
			);
			buildRules = (
			);
			dependencies = (
			);
			name = Journal;
			productName = Journal;
			productReference = BF81D1B229C3BF30005C798A /* Journal.app */;
			productType = "com.apple.product-type.application";
		};
/* End PBXNativeTarget section */

/* Begin PBXProject section */
		BF81D1AA29C3BF30005C798A /* Project object */ = {
			isa = PBXProject;
			attributes = {
				BuildIndependentTargetsInParallel = 1;
				LastSwiftUpdateCheck = 1420;
				LastUpgradeCheck = 1420;
				TargetAttributes = {
					BF81D1B129C3BF30005C798A = {
						CreatedOnToolsVersion = 14.2;
					};
				};
			};
			buildConfigurationList = BF81D1AD29C3BF30005C798A /* Build configuration list for PBXProject "Journal" */;
			compatibilityVersion = "Xcode 14.0";
			developmentRegion = en;
			hasScannedForEncodings = 0;
			knownRegions = (
				en,
				Base,
			);
			mainGroup = BF81D1A929C3BF30005C798A;
			productRefGroup = BF81D1B329C3BF30005C798A /* Products */;
			projectDirPath = "";
			projectRoot = "";
			targets = (
				BF81D1B129C3BF30005C798A /* Journal */,
			);
		};
/* End PBXProject section */

/* Begin PBXResourcesBuildPhase section */
		BF81D1B029C3BF30005C798A /* Resources */ = {
			isa = PBXResourcesBuildPhase;
			buildActionMask = 2147483647;
			files = (
				BF81D1C229C3BF30005C798A /* LaunchScreen.storyboard in Resources */,
				BF81D1BF29C3BF30005C798A /* Assets.xcassets in Resources */,
				BF81D1BD29C3BF30005C798A /* Main.storyboard in Resources */,
			);
			runOnlyForDeploymentPostprocessing = 0;
		};
/* End PBXResourcesBuildPhase section */

/* Begin PBXSourcesBuildPhase section */
		BF81D1AE29C3BF30005C798A /* Sources */ = {
			isa = PBXSourcesBuildPhase;
			buildActionMask = 2147483647;
			files = (
				BF81D1D229C3C060005C798A /* Entry.swift in Sources */,
				BF81D1D629C3D55C005C798A /* EntryError.swift in Sources */,
				BF81D1B629C3BF30005C798A /* AppDelegate.swift in Sources */,
				BF81D1D429C3D2DA005C798A /* EntryController.swift in Sources */,
				BF81D1B829C3BF30005C798A /* SceneDelegate.swift in Sources */,
			);
			runOnlyForDeploymentPostprocessing = 0;
		};
/* End PBXSourcesBuildPhase section */

/* Begin PBXVariantGroup section */
		BF81D1BB29C3BF30005C798A /* Main.storyboard */ = {
			isa = PBXVariantGroup;
			children = (
				BF81D1BC29C3BF30005C798A /* Base */,
			);
			name = Main.storyboard;
			sourceTree = "<group>";
		};
		BF81D1C029C3BF30005C798A /* LaunchScreen.storyboard */ = {
			isa = PBXVariantGroup;
			children = (
				BF81D1C129C3BF30005C798A /* Base */,
			);
			name = LaunchScreen.storyboard;
			sourceTree = "<group>";
		};
/* End PBXVariantGroup section */

/* Begin XCBuildConfiguration section */
		BF81D1C429C3BF30005C798A /* Debug */ = {
			isa = XCBuildConfiguration;
			buildSettings = {
				ALWAYS_SEARCH_USER_PATHS = NO;
				CLANG_ANALYZER_NONNULL = YES;
				CLANG_ANALYZER_NUMBER_OBJECT_CONVERSION = YES_AGGRESSIVE;
				CLANG_CXX_LANGUAGE_STANDARD = "gnu++20";
				CLANG_ENABLE_MODULES = YES;
				CLANG_ENABLE_OBJC_ARC = YES;
				CLANG_ENABLE_OBJC_WEAK = YES;
				CLANG_WARN_BLOCK_CAPTURE_AUTORELEASING = YES;
				CLANG_WARN_BOOL_CONVERSION = YES;
				CLANG_WARN_COMMA = YES;
				CLANG_WARN_CONSTANT_CONVERSION = YES;
				CLANG_WARN_DEPRECATED_OBJC_IMPLEMENTATIONS = YES;
				CLANG_WARN_DIRECT_OBJC_ISA_USAGE = YES_ERROR;
				CLANG_WARN_DOCUMENTATION_COMMENTS = YES;
				CLANG_WARN_EMPTY_BODY = YES;
				CLANG_WARN_ENUM_CONVERSION = YES;
				CLANG_WARN_INFINITE_RECURSION = YES;
				CLANG_WARN_INT_CONVERSION = YES;
				CLANG_WARN_NON_LITERAL_NULL_CONVERSION = YES;
				CLANG_WARN_OBJC_IMPLICIT_RETAIN_SELF = YES;
				CLANG_WARN_OBJC_LITERAL_CONVERSION = YES;
				CLANG_WARN_OBJC_ROOT_CLASS = YES_ERROR;
				CLANG_WARN_QUOTED_INCLUDE_IN_FRAMEWORK_HEADER = YES;
				CLANG_WARN_RANGE_LOOP_ANALYSIS = YES;
				CLANG_WARN_STRICT_PROTOTYPES = YES;
				CLANG_WARN_SUSPICIOUS_MOVE = YES;
				CLANG_WARN_UNGUARDED_AVAILABILITY = YES_AGGRESSIVE;
				CLANG_WARN_UNREACHABLE_CODE = YES;
				CLANG_WARN__DUPLICATE_METHOD_MATCH = YES;
				COPY_PHASE_STRIP = NO;
				DEBUG_INFORMATION_FORMAT = dwarf;
				ENABLE_STRICT_OBJC_MSGSEND = YES;
				ENABLE_TESTABILITY = YES;
				GCC_C_LANGUAGE_STANDARD = gnu11;
				GCC_DYNAMIC_NO_PIC = NO;
				GCC_NO_COMMON_BLOCKS = YES;
				GCC_OPTIMIZATION_LEVEL = 0;
				GCC_PREPROCESSOR_DEFINITIONS = (
					"DEBUG=1",
					"$(inherited)",
				);
				GCC_WARN_64_TO_32_BIT_CONVERSION = YES;
				GCC_WARN_ABOUT_RETURN_TYPE = YES_ERROR;
				GCC_WARN_UNDECLARED_SELECTOR = YES;
				GCC_WARN_UNINITIALIZED_AUTOS = YES_AGGRESSIVE;
				GCC_WARN_UNUSED_FUNCTION = YES;
				GCC_WARN_UNUSED_VARIABLE = YES;
				IPHONEOS_DEPLOYMENT_TARGET = 16.2;
				MTL_ENABLE_DEBUG_INFO = INCLUDE_SOURCE;
				MTL_FAST_MATH = YES;
				ONLY_ACTIVE_ARCH = YES;
				SDKROOT = iphoneos;
				SWIFT_ACTIVE_COMPILATION_CONDITIONS = DEBUG;
				SWIFT_OPTIMIZATION_LEVEL = "-Onone";
			};
			name = Debug;
		};
		BF81D1C529C3BF30005C798A /* Release */ = {
			isa = XCBuildConfiguration;
			buildSettings = {
				ALWAYS_SEARCH_USER_PATHS = NO;
				CLANG_ANALYZER_NONNULL = YES;
				CLANG_ANALYZER_NUMBER_OBJECT_CONVERSION = YES_AGGRESSIVE;
				CLANG_CXX_LANGUAGE_STANDARD = "gnu++20";
				CLANG_ENABLE_MODULES = YES;
				CLANG_ENABLE_OBJC_ARC = YES;
				CLANG_ENABLE_OBJC_WEAK = YES;
				CLANG_WARN_BLOCK_CAPTURE_AUTORELEASING = YES;
				CLANG_WARN_BOOL_CONVERSION = YES;
				CLANG_WARN_COMMA = YES;
				CLANG_WARN_CONSTANT_CONVERSION = YES;
				CLANG_WARN_DEPRECATED_OBJC_IMPLEMENTATIONS = YES;
				CLANG_WARN_DIRECT_OBJC_ISA_USAGE = YES_ERROR;
				CLANG_WARN_DOCUMENTATION_COMMENTS = YES;
				CLANG_WARN_EMPTY_BODY = YES;
				CLANG_WARN_ENUM_CONVERSION = YES;
				CLANG_WARN_INFINITE_RECURSION = YES;
				CLANG_WARN_INT_CONVERSION = YES;
				CLANG_WARN_NON_LITERAL_NULL_CONVERSION = YES;
				CLANG_WARN_OBJC_IMPLICIT_RETAIN_SELF = YES;
				CLANG_WARN_OBJC_LITERAL_CONVERSION = YES;
				CLANG_WARN_OBJC_ROOT_CLASS = YES_ERROR;
				CLANG_WARN_QUOTED_INCLUDE_IN_FRAMEWORK_HEADER = YES;
				CLANG_WARN_RANGE_LOOP_ANALYSIS = YES;
				CLANG_WARN_STRICT_PROTOTYPES = YES;
				CLANG_WARN_SUSPICIOUS_MOVE = YES;
				CLANG_WARN_UNGUARDED_AVAILABILITY = YES_AGGRESSIVE;
				CLANG_WARN_UNREACHABLE_CODE = YES;
				CLANG_WARN__DUPLICATE_METHOD_MATCH = YES;
				COPY_PHASE_STRIP = NO;
				DEBUG_INFORMATION_FORMAT = "dwarf-with-dsym";
				ENABLE_NS_ASSERTIONS = NO;
				ENABLE_STRICT_OBJC_MSGSEND = YES;
				GCC_C_LANGUAGE_STANDARD = gnu11;
				GCC_NO_COMMON_BLOCKS = YES;
				GCC_WARN_64_TO_32_BIT_CONVERSION = YES;
				GCC_WARN_ABOUT_RETURN_TYPE = YES_ERROR;
				GCC_WARN_UNDECLARED_SELECTOR = YES;
				GCC_WARN_UNINITIALIZED_AUTOS = YES_AGGRESSIVE;
				GCC_WARN_UNUSED_FUNCTION = YES;
				GCC_WARN_UNUSED_VARIABLE = YES;
				IPHONEOS_DEPLOYMENT_TARGET = 16.2;
				MTL_ENABLE_DEBUG_INFO = NO;
				MTL_FAST_MATH = YES;
				SDKROOT = iphoneos;
				SWIFT_COMPILATION_MODE = wholemodule;
				SWIFT_OPTIMIZATION_LEVEL = "-O";
				VALIDATE_PRODUCT = YES;
			};
			name = Release;
		};
		BF81D1C729C3BF30005C798A /* Debug */ = {
			isa = XCBuildConfiguration;
			buildSettings = {
				ASSETCATALOG_COMPILER_APPICON_NAME = AppIcon;
				ASSETCATALOG_COMPILER_GLOBAL_ACCENT_COLOR_NAME = AccentColor;
				CODE_SIGN_ENTITLEMENTS = Journal/Journal.entitlements;
				CODE_SIGN_STYLE = Automatic;
				CURRENT_PROJECT_VERSION = 1;
				DEVELOPMENT_TEAM = NJ3Y4LJ7H6;
				GENERATE_INFOPLIST_FILE = YES;
				INFOPLIST_FILE = Journal/Resources/Info.plist;
				INFOPLIST_KEY_UIApplicationSupportsIndirectInputEvents = YES;
				INFOPLIST_KEY_UILaunchStoryboardName = LaunchScreen;
				INFOPLIST_KEY_UIMainStoryboardFile = Main;
				INFOPLIST_KEY_UISupportedInterfaceOrientations_iPad = "UIInterfaceOrientationPortrait UIInterfaceOrientationPortraitUpsideDown UIInterfaceOrientationLandscapeLeft UIInterfaceOrientationLandscapeRight";
				INFOPLIST_KEY_UISupportedInterfaceOrientations_iPhone = "UIInterfaceOrientationPortrait UIInterfaceOrientationLandscapeLeft UIInterfaceOrientationLandscapeRight";
				IPHONEOS_DEPLOYMENT_TARGET = 14.7;
				LD_RUNPATH_SEARCH_PATHS = (
					"$(inherited)",
					"@executable_path/Frameworks",
				);
				MARKETING_VERSION = 1.0;
				PRODUCT_BUNDLE_IDENTIFIER = com.Andrew.Journal.Cloudkit;
				PRODUCT_NAME = "$(TARGET_NAME)";
				SWIFT_EMIT_LOC_STRINGS = YES;
				SWIFT_VERSION = 5.0;
				TARGETED_DEVICE_FAMILY = "1,2";
			};
			name = Debug;
		};
		BF81D1C829C3BF30005C798A /* Release */ = {
			isa = XCBuildConfiguration;
			buildSettings = {
				ASSETCATALOG_COMPILER_APPICON_NAME = AppIcon;
				ASSETCATALOG_COMPILER_GLOBAL_ACCENT_COLOR_NAME = AccentColor;
				CODE_SIGN_ENTITLEMENTS = Journal/Journal.entitlements;
				CODE_SIGN_STYLE = Automatic;
				CURRENT_PROJECT_VERSION = 1;
				DEVELOPMENT_TEAM = NJ3Y4LJ7H6;
				GENERATE_INFOPLIST_FILE = YES;
				INFOPLIST_FILE = Journal/Resources/Info.plist;
				INFOPLIST_KEY_UIApplicationSupportsIndirectInputEvents = YES;
				INFOPLIST_KEY_UILaunchStoryboardName = LaunchScreen;
				INFOPLIST_KEY_UIMainStoryboardFile = Main;
				INFOPLIST_KEY_UISupportedInterfaceOrientations_iPad = "UIInterfaceOrientationPortrait UIInterfaceOrientationPortraitUpsideDown UIInterfaceOrientationLandscapeLeft UIInterfaceOrientationLandscapeRight";
				INFOPLIST_KEY_UISupportedInterfaceOrientations_iPhone = "UIInterfaceOrientationPortrait UIInterfaceOrientationLandscapeLeft UIInterfaceOrientationLandscapeRight";
				IPHONEOS_DEPLOYMENT_TARGET = 14.7;
				LD_RUNPATH_SEARCH_PATHS = (
					"$(inherited)",
					"@executable_path/Frameworks",
				);
				MARKETING_VERSION = 1.0;
				PRODUCT_BUNDLE_IDENTIFIER = com.Andrew.Journal.Cloudkit;
				PRODUCT_NAME = "$(TARGET_NAME)";
				SWIFT_EMIT_LOC_STRINGS = YES;
				SWIFT_VERSION = 5.0;
				TARGETED_DEVICE_FAMILY = "1,2";
			};
			name = Release;
		};
/* End XCBuildConfiguration section */

/* Begin XCConfigurationList section */
		BF81D1AD29C3BF30005C798A /* Build configuration list for PBXProject "Journal" */ = {
			isa = XCConfigurationList;
			buildConfigurations = (
				BF81D1C429C3BF30005C798A /* Debug */,
				BF81D1C529C3BF30005C798A /* Release */,
			);
			defaultConfigurationIsVisible = 0;
			defaultConfigurationName = Release;
		};
		BF81D1C629C3BF30005C798A /* Build configuration list for PBXNativeTarget "Journal" */ = {
			isa = XCConfigurationList;
			buildConfigurations = (
				BF81D1C729C3BF30005C798A /* Debug */,
				BF81D1C829C3BF30005C798A /* Release */,
			);
			defaultConfigurationIsVisible = 0;
			defaultConfigurationName = Release;
		};
/* End XCConfigurationList section */
	};
	rootObject = BF81D1AA29C3BF30005C798A /* Project object */;
}
